# THIS IS AN AUTOGENERATED FILE. DO NOT EDIT THIS FILE DIRECTLY.
# yarn lockfile v1


"@18f/identity-design-system@^9.4.0":
  version "9.4.0"
  resolved "https://registry.npmjs.org/@18f/identity-design-system/-/identity-design-system-9.4.0.tgz#7d8f8f7fd5090f4245cfac10a29a9581248ea2b0"
  integrity sha512-Bg9jo5peAbXVJk+L6sTfB0qWDOGlfTgev2RF4whjfHycBq/+m++gZBkFYlXqQ0EEivCM51I6XQnBd3NVYXEZXA==
  dependencies:
    "@types/uswds__uswds" "^3.9.0"
    "@uswds/uswds" "^3.9.0"

"@aduth/is-dependency@^1.0.0":
  version "1.0.0"
  resolved "https://registry.npmjs.org/@aduth/is-dependency/-/is-dependency-1.0.0.tgz#1e2efebae56fd8c1a29bdcd8141e63c185c3bb67"
  integrity sha512-1CJwTd6B6XDb6HETcHMwjRmQLQi2FgjM1rYUO6wf1yizKVPC9V66vmvVCtgePMzWmhsLqdhOPLWt+fNvG46FoA==

"@bufbuild/protobuf@^2.0.0":
  version "2.2.3"
  resolved "https://registry.npmjs.org/@bufbuild/protobuf/-/protobuf-2.2.3.tgz#9cd136f6b687e63e9b517b3a54211ece942897ee"
  integrity sha512-tFQoXHJdkEOSwj5tRIZSPNUuXK3RaR7T1nUrPgbYX1pUbvqqaaZAsfo+NXBPsz5rZMSKVFrgK1WL8Q/MSLvprg==

"@types/uswds__uswds@^3.9.0":
  version "3.11.0"
  resolved "https://registry.npmjs.org/@types/uswds__uswds/-/uswds__uswds-3.11.0.tgz#e74ccad6f8716341f2a3c011598b843990d94161"
  integrity sha512-HPoCV4O72hAsiTSo+BSsR7wrmXp6FYlYo8xxIccqt+QquZCtgwuCfYykFHZnmRzy/5FbXz96qo34dkKLiFnfJg==

"@uswds/uswds@^3.9.0":
  version "3.11.0"
  resolved "https://registry.npmjs.org/@uswds/uswds/-/uswds-3.11.0.tgz#49a88b72914f0bb2dde8c9ca835dd56ee2809a4f"
  integrity sha512-ze0MNXaZhgXLyNICpclm5g4pOGyU4/FE0DQTP5G19mHWB914vrCJvOxyTo2n1qGVMVwJtf6MtpBCnghAC8WaZA==
  dependencies:
    receptor "1.0.0"
    resolve-id-refs "0.1.0"

anymatch@~3.1.2:
  version "3.1.3"
  resolved "https://registry.npmjs.org/anymatch/-/anymatch-3.1.3.tgz#790c58b19ba1720a84205b57c618d5ad8524973e"
  integrity sha512-KMReFUr0B4t+D+OBkjR3KYqvocp2XaSzO55UcB6mgQMd3KbcE+mWTyvVV7D/zsdEbNnV6acZUutkiHQXvTr1Rw==
  dependencies:
    normalize-path "^3.0.0"
    picomatch "^2.0.4"

binary-extensions@^2.0.0:
  version "2.3.0"
  resolved "https://registry.npmjs.org/binary-extensions/-/binary-extensions-2.3.0.tgz#f6e14a97858d327252200242d4ccfe522c445522"
  integrity sha512-Ceh+7ox5qe7LJuLHoY0feh3pHuUDHAcRUeyL2VYghZwfpkNIy/+8Ocg0a3UuSoYzavmylwuLWQOf3hl0jjMMIw==

braces@~3.0.2:
  version "3.0.3"
  resolved "https://registry.npmjs.org/braces/-/braces-3.0.3.tgz#490332f40919452272d55a8480adc0c441358789"
  integrity sha512-yQbXgO/OSZVD2IsiLlro+7Hf6Q18EJrKSEsdoMzKePKXct3gvD8oLcOQdIzGupr5Fj+EDe8gO/lxc1BzfMpxvA==
  dependencies:
    fill-range "^7.1.1"

browserslist@^4.22.3:
  version "4.24.4"
  resolved "https://registry.npmjs.org/browserslist/-/browserslist-4.24.4.tgz#c6b2865a3f08bcb860a0e827389003b9fe686e4b"
  integrity sha512-KDi1Ny1gSePi1vm0q4oxSF8b4DR44GF4BbmS2YdhPLOEqd8pDviZOGH/GsmRwoWJ2+5Lr085X7naowMwKHDG1A==
  dependencies:
    caniuse-lite "^1.0.30001688"
    electron-to-chromium "^1.5.73"
    node-releases "^2.0.19"
    update-browserslist-db "^1.1.1"

buffer-builder@^0.2.0:
  version "0.2.0"
  resolved "https://registry.npmjs.org/buffer-builder/-/buffer-builder-0.2.0.tgz#3322cd307d8296dab1f604618593b261a3fade8f"
  integrity sha512-7VPMEPuYznPSoR21NE1zvd2Xna6c/CloiZCfcMXR1Jny6PjX0N4Nsa38zcBFo/FMK+BlA+FLKbJCQ0i2yxp+Xg==

caniuse-lite@^1.0.30001688:
  version "1.0.30001700"
  resolved "https://registry.npmjs.org/caniuse-lite/-/caniuse-lite-1.0.30001700.tgz#26cd429cf09b4fd4e745daf4916039c794d720f6"
  integrity sha512-2S6XIXwaE7K7erT8dY+kLQcpa5ms63XlRkMkReXjle+kf6c5g38vyMl+Z5y8dSxOFDhcFe+nxnn261PLxBSQsQ==

chokidar@^3.6.0:
  version "3.6.0"
  resolved "https://registry.npmjs.org/chokidar/-/chokidar-3.6.0.tgz#197c6cc669ef2a8dc5e7b4d97ee4e092c3eb0d5b"
  integrity sha512-7VT13fmjotKpGipCW9JEQAusEPE+Ei8nl6/g4FBAmIm0GOOLMua9NDDo/DWp0ZAxCr3cPq5ZpBqmPAQgDda2Pw==
  dependencies:
    anymatch "~3.1.2"
    braces "~3.0.2"
    glob-parent "~5.1.2"
    is-binary-path "~2.1.0"
    is-glob "~4.0.1"
    normalize-path "~3.0.0"
    readdirp "~3.6.0"
  optionalDependencies:
    fsevents "~2.3.2"

colorjs.io@^0.5.0:
  version "0.5.2"
  resolved "https://registry.npmjs.org/colorjs.io/-/colorjs.io-0.5.2.tgz#63b20139b007591ebc3359932bef84628eb3fcef"
  integrity sha512-twmVoizEW7ylZSN32OgKdXRmo1qg+wT5/6C3xu5b9QsWzSFAhHLn2xd8ro0diCsKfCj1RdaTP/nrcW+vAoQPIw==

detect-libc@^1.0.3:
  version "1.0.3"
  resolved "https://registry.npmjs.org/detect-libc/-/detect-libc-1.0.3.tgz#fa137c4bd698edf55cd5cd02ac559f91a4c4ba9b"
  integrity sha512-pGjwhsmsp4kL2RTz08wcOlGN83otlqHeD/Z5T8GXZB+/YcpQ/dgo+lbU8ZsGxV0HIvqqxo9l7mqYwyYMD9bKDg==

electron-to-chromium@^1.5.73:
  version "1.5.102"
  resolved "https://registry.npmjs.org/electron-to-chromium/-/electron-to-chromium-1.5.102.tgz#81a452ace8e2c3fa7fba904ea4fed25052c53d3f"
  integrity sha512-eHhqaja8tE/FNpIiBrvBjFV/SSKpyWHLvxuR9dPTdo+3V9ppdLmFB7ZZQ98qNovcngPLYIz0oOBF9P0FfZef5Q==

element-closest@^2.0.1:
  version "2.0.2"
  resolved "https://registry.npmjs.org/element-closest/-/element-closest-2.0.2.tgz#72a740a107453382e28df9ce5dbb5a8df0f966ec"
  integrity sha512-QCqAWP3kwj8Gz9UXncVXQGdrhnWxD8SQBSeZp5pOsyCcQ6RpL738L1/tfuwBiMi6F1fYkxqPnBrFBR4L+f49Cg==

escalade@^3.2.0:
  version "3.2.0"
  resolved "https://registry.npmjs.org/escalade/-/escalade-3.2.0.tgz#011a3f69856ba189dffa7dc8fcce99d2a87903e5"
  integrity sha512-WUj2qlxaQtO4g6Pq5c29GTcWGDyd8itL8zTlipgECz3JesAiiOKotd8JU6otB3PACgG6xkJUyVhboMS+bje/jA==

fill-range@^7.1.1:
  version "7.1.1"
  resolved "https://registry.npmjs.org/fill-range/-/fill-range-7.1.1.tgz#44265d3cac07e3ea7dc247516380643754a05292"
  integrity sha512-YsGpe3WHLK8ZYi4tWDg2Jy3ebRz2rXowDxnld4bkQB00cc/1Zw9AWnC0i9ztDJitivtQvaI9KaLyKrc+hBW0yg==
  dependencies:
    to-regex-range "^5.0.1"

foundation-emails@^2.3.1:
  version "2.4.0"
  resolved "https://registry.npmjs.org/foundation-emails/-/foundation-emails-2.4.0.tgz#5020b44c6a1ee366ad53dd9ba29368d351aef8dd"
  integrity sha512-aLma02P+OafCQtcEkZzVAhX1E3LiB4RYCxUu73BRma+YMrq2QOBUr6K8Cw37taL0jehQn4T8yfuWBQ8xv3Mvug==

fsevents@~2.3.2:
  version "2.3.3"
  resolved "https://registry.npmjs.org/fsevents/-/fsevents-2.3.3.tgz#cac6407785d03675a2a5e1a5305c697b347d90d6"
  integrity sha512-5xoDfX+fL7faATnagmWPpbFtwh/R77WmMMqqHGS65C3vvB0YHrgF+B1YmZ3441tMj5n63k0212XNoJwzlhffQw==

glob-parent@~5.1.2:
  version "5.1.2"
  resolved "https://registry.npmjs.org/glob-parent/-/glob-parent-5.1.2.tgz#869832c58034fe68a4093c17dc15e8340d8401c4"
  integrity sha512-AOIgSQCepiJYwP3ARnGx+5VnTu2HBYdzbGP45eLw1vr3zB3vZLeyed1sC9hnbcOc9/SrMyM5RPQrkGz4aS9Zow==
  dependencies:
    is-glob "^4.0.1"

has-flag@^4.0.0:
  version "4.0.0"
  resolved "https://registry.npmjs.org/has-flag/-/has-flag-4.0.0.tgz#944771fd9c81c81265c4d6941860da06bb59479b"
  integrity sha512-EykJT/Q1KjTWctppgIAgfSO0tKVuZUjhgMr17kqTumMl6Afv3EISleU7qZUzoXDFTAHTDC4NOoG/ZxU3EvlMPQ==

immutable@^5.0.2:
  version "5.0.3"
  resolved "https://registry.npmjs.org/immutable/-/immutable-5.0.3.tgz#aa037e2313ea7b5d400cd9298fa14e404c933db1"
  integrity sha512-P8IdPQHq3lA1xVeBRi5VPqUm5HDgKnx0Ru51wZz5mjxHr5n3RWhjIpOFU7ybkUxfB+5IToy+OLaHYDBIWsv+uw==

is-binary-path@~2.1.0:
  version "2.1.0"
  resolved "https://registry.npmjs.org/is-binary-path/-/is-binary-path-2.1.0.tgz#ea1f7f3b80f064236e83470f86c09c254fb45b09"
  integrity sha512-ZMERYes6pDydyuGidse7OsHxtbI7WVeUEozgR/g7rd0xUimYNlvZRE/K2MgZTjWy725IfelLeVcEM97mmtRGXw==
  dependencies:
    binary-extensions "^2.0.0"

is-extglob@^2.1.1:
  version "2.1.1"
  resolved "https://registry.npmjs.org/is-extglob/-/is-extglob-2.1.1.tgz#a88c02535791f02ed37c76a1b9ea9773c833f8c2"
  integrity sha512-SbKbANkN603Vi4jEZv49LeVJMn4yGwsbzZworEoyEiutsN3nJYdbO36zfhGJ6QEDpOZIFkDtnq5JRxmvl3jsoQ==

is-glob@^4.0.1, is-glob@~4.0.1:
  version "4.0.3"
  resolved "https://registry.npmjs.org/is-glob/-/is-glob-4.0.3.tgz#64f61e42cbbb2eec2071a9dac0b28ba1e65d5084"
  integrity sha512-xelSayHH36ZgE7ZWhli7pW34hNbNl8Ojv5KVmkJD4hBdD3th8Tfk9vYasLM+mXWOZhFkgZfxhLSnrwRr4elSSg==
  dependencies:
    is-extglob "^2.1.1"

is-number@^7.0.0:
  version "7.0.0"
  resolved "https://registry.npmjs.org/is-number/-/is-number-7.0.0.tgz#7535345b896734d5f80c4d06c50955527a14f12b"
  integrity sha512-41Cifkg6e8TylSpdtTpeLVMqvSBEVzTttHvERD741+pnZ8ANv0004MRL43QKPDlK9cGvNp6NZWZUBlbGXYxxng==

keyboardevent-key-polyfill@^1.0.2:
  version "1.1.0"
  resolved "https://registry.npmjs.org/keyboardevent-key-polyfill/-/keyboardevent-key-polyfill-1.1.0.tgz#8a319d8e45a13172fca56286372f90c1d4c7014c"
  integrity sha512-NTDqo7XhzL1fqmUzYroiyK2qGua7sOMzLav35BfNA/mPUSCtw8pZghHFMTYR9JdnJ23IQz695FcaM6EE6bpbFQ==

lightningcss-darwin-arm64@1.29.1:
  version "1.29.1"
  resolved "https://registry.npmjs.org/lightningcss-darwin-arm64/-/lightningcss-darwin-arm64-1.29.1.tgz#dce17349c7b9f968f396ec240503de14e7b4870b"
  integrity sha512-HtR5XJ5A0lvCqYAoSv2QdZZyoHNttBpa5EP9aNuzBQeKGfbyH5+UipLWvVzpP4Uml5ej4BYs5I9Lco9u1fECqw==

lightningcss-darwin-x64@1.29.1:
  version "1.29.1"
  resolved "https://registry.npmjs.org/lightningcss-darwin-x64/-/lightningcss-darwin-x64-1.29.1.tgz#e79c984180c57d00ee114210ceced83473d72dfc"
  integrity sha512-k33G9IzKUpHy/J/3+9MCO4e+PzaFblsgBjSGlpAaFikeBFm8B/CkO3cKU9oI4g+fjS2KlkLM/Bza9K/aw8wsNA==

lightningcss-freebsd-x64@1.29.1:
  version "1.29.1"
  resolved "https://registry.npmjs.org/lightningcss-freebsd-x64/-/lightningcss-freebsd-x64-1.29.1.tgz#4b3aec9620684a60c45266d50fd843869320f42f"
  integrity sha512-0SUW22fv/8kln2LnIdOCmSuXnxgxVC276W5KLTwoehiO0hxkacBxjHOL5EtHD8BAXg2BvuhsJPmVMasvby3LiQ==

lightningcss-linux-arm-gnueabihf@1.29.1:
  version "1.29.1"
  resolved "https://registry.npmjs.org/lightningcss-linux-arm-gnueabihf/-/lightningcss-linux-arm-gnueabihf-1.29.1.tgz#b80e9c4dd75652bec451ffd4d5779492a01791ff"
  integrity sha512-sD32pFvlR0kDlqsOZmYqH/68SqUMPNj+0pucGxToXZi4XZgZmqeX/NkxNKCPsswAXU3UeYgDSpGhu05eAufjDg==

lightningcss-linux-arm64-gnu@1.29.1:
  version "1.29.1"
  resolved "https://registry.npmjs.org/lightningcss-linux-arm64-gnu/-/lightningcss-linux-arm64-gnu-1.29.1.tgz#7825eb119ddf580a4a4f011c6f384a3f9c992060"
  integrity sha512-0+vClRIZ6mmJl/dxGuRsE197o1HDEeeRk6nzycSy2GofC2JsY4ifCRnvUWf/CUBQmlrvMzt6SMQNMSEu22csWQ==

lightningcss-linux-arm64-musl@1.29.1:
  version "1.29.1"
  resolved "https://registry.npmjs.org/lightningcss-linux-arm64-musl/-/lightningcss-linux-arm64-musl-1.29.1.tgz#389efccf80088dce2bb00e28bd7d1cfe36a71669"
  integrity sha512-UKMFrG4rL/uHNgelBsDwJcBqVpzNJbzsKkbI3Ja5fg00sgQnHw/VrzUTEc4jhZ+AN2BvQYz/tkHu4vt1kLuJyw==

lightningcss-linux-x64-gnu@1.29.1:
  version "1.29.1"
  resolved "https://registry.npmjs.org/lightningcss-linux-x64-gnu/-/lightningcss-linux-x64-gnu-1.29.1.tgz#98fc5df5e39ac8ddc51e51f785849eb21131f789"
  integrity sha512-u1S+xdODy/eEtjADqirA774y3jLcm8RPtYztwReEXoZKdzgsHYPl0s5V52Tst+GKzqjebkULT86XMSxejzfISw==

lightningcss-linux-x64-musl@1.29.1:
  version "1.29.1"
  resolved "https://registry.npmjs.org/lightningcss-linux-x64-musl/-/lightningcss-linux-x64-musl-1.29.1.tgz#fb4f80895ba7dfa8048ee32e9716a1684fefd6b2"
  integrity sha512-L0Tx0DtaNUTzXv0lbGCLB/c/qEADanHbu4QdcNOXLIe1i8i22rZRpbT3gpWYsCh9aSL9zFujY/WmEXIatWvXbw==

lightningcss-win32-arm64-msvc@1.29.1:
  version "1.29.1"
  resolved "https://registry.npmjs.org/lightningcss-win32-arm64-msvc/-/lightningcss-win32-arm64-msvc-1.29.1.tgz#fd4409fd1505d89d0ff66511c36df5a1379eb7cd"
  integrity sha512-QoOVnkIEFfbW4xPi+dpdft/zAKmgLgsRHfJalEPYuJDOWf7cLQzYg0DEh8/sn737FaeMJxHZRc1oBreiwZCjog==

lightningcss-win32-x64-msvc@1.29.1:
  version "1.29.1"
  resolved "https://registry.npmjs.org/lightningcss-win32-x64-msvc/-/lightningcss-win32-x64-msvc-1.29.1.tgz#54dcd52884f6cbf205a53d49239559603f194927"
  integrity sha512-NygcbThNBe4JElP+olyTI/doBNGJvLs3bFCRPdvuCcxZCcCZ71B858IHpdm7L1btZex0FvCmM17FK98Y9MRy1Q==

lightningcss@^1.23.0:
  version "1.29.1"
  resolved "https://registry.npmjs.org/lightningcss/-/lightningcss-1.29.1.tgz#1d4d62332fc5ba4b6c28e04a8c5638c76019702b"
  integrity sha512-FmGoeD4S05ewj+AkhTY+D+myDvXI6eL27FjHIjoyUkO/uw7WZD1fBVs0QxeYWa7E17CUHJaYX/RUGISCtcrG4Q==
  dependencies:
    detect-libc "^1.0.3"
  optionalDependencies:
    lightningcss-darwin-arm64 "1.29.1"
    lightningcss-darwin-x64 "1.29.1"
    lightningcss-freebsd-x64 "1.29.1"
    lightningcss-linux-arm-gnueabihf "1.29.1"
    lightningcss-linux-arm64-gnu "1.29.1"
    lightningcss-linux-arm64-musl "1.29.1"
    lightningcss-linux-x64-gnu "1.29.1"
    lightningcss-linux-x64-musl "1.29.1"
    lightningcss-win32-arm64-msvc "1.29.1"
    lightningcss-win32-x64-msvc "1.29.1"

matches-selector@^1.0.0:
  version "1.2.0"
  resolved "https://registry.npmjs.org/matches-selector/-/matches-selector-1.2.0.tgz#d1814e7e8f43e69d22ac33c9af727dc884ecf12a"
  integrity sha512-c4vLwYWyl+Ji+U43eU/G5FwxWd4ZH0ePUsFs5y0uwD9HUEFBXUQ1zUUan+78IpRD+y4pUfG0nAzNM292K7ItvA==

node-releases@^2.0.19:
  version "2.0.19"
  resolved "https://registry.npmjs.org/node-releases/-/node-releases-2.0.19.tgz#9e445a52950951ec4d177d843af370b411caf314"
  integrity sha512-xxOWJsBKtzAq7DY0J+DTzuz58K8e7sJbdgwkbMWQe8UYB6ekmsQ45q0M/tJDsGaZmbC+l7n57UV8Hl5tHxO9uw==

normalize-path@^3.0.0, normalize-path@~3.0.0:
  version "3.0.0"
  resolved "https://registry.npmjs.org/normalize-path/-/normalize-path-3.0.0.tgz#0dcd69ff23a1c9b11fd0978316644a0388216a65"
  integrity sha512-6eZs5Ls3WtCisHWp9S2GUy8dqkpGi4BVSz3GaqiE6ezub0512ESztXUwUB6C6IKbQkY2Pnb/mD4WYojCRwcwLA==

object-assign@^4.1.0:
  version "4.1.1"
  resolved "https://registry.npmjs.org/object-assign/-/object-assign-4.1.1.tgz#2109adc7965887cfc05cbbd442cac8bfbb360863"
  integrity sha512-rJgTQnkUnH1sFw8yT6VSU3zD3sWmu6sZhIseY8VX+GRu3P6F7Fu+JNDoXfklElbLJSnc3FUQHVe4cU5hj+BcUg==

picocolors@^1.1.1:
  version "1.1.1"
  resolved "https://registry.npmjs.org/picocolors/-/picocolors-1.1.1.tgz#3d321af3eab939b083c8f929a1d12cda81c26b6b"
  integrity sha512-xceH2snhtb5M9liqDsmEw56le376mTZkEX/jEb/RxNFyegNul7eNslCXP9FDj/Lcu0X8KEyMceP2ntpaHrDEVA==

picomatch@^2.0.4, picomatch@^2.2.1:
  version "2.3.1"
  resolved "https://registry.npmjs.org/picomatch/-/picomatch-2.3.1.tgz#3ba3833733646d9d3e4995946c1365a67fb07a42"
  integrity sha512-JU3teHTNjmE2VCGFzuY8EXzCDVwEqB2a8fsIvwaStHhAWJEeVd1o1QD80CU6+ZdEXXSLbSsuLwJjkCBWqRQUVA==

readdirp@~3.6.0:
  version "3.6.0"
  resolved "https://registry.npmjs.org/readdirp/-/readdirp-3.6.0.tgz#74a370bd857116e245b29cc97340cd431a02a6c7"
  integrity sha512-hOS089on8RduqdbhvQ5Z37A0ESjsqz6qnRcffsMU3495FuTdqSm+7bhJ29JvIOsBDEEnan5DPu9t3To9VRlMzA==
  dependencies:
    picomatch "^2.2.1"

receptor@1.0.0:
  version "1.0.0"
  resolved "https://registry.npmjs.org/receptor/-/receptor-1.0.0.tgz#bf54477e0387e44bebf3855120bbda5adea08f8b"
  integrity sha512-yvVEqVQDNzEmGkluCkEdbKSXqZb3WGxotI/VukXIQ+4/BXEeXVjWtmC6jWaR1BIsmEAGYQy3OTaNgDj2Svr01w==
  dependencies:
    element-closest "^2.0.1"
    keyboardevent-key-polyfill "^1.0.2"
    matches-selector "^1.0.0"
    object-assign "^4.1.0"

resolve-id-refs@0.1.0:
  version "0.1.0"
  resolved "https://registry.npmjs.org/resolve-id-refs/-/resolve-id-refs-0.1.0.tgz#3126624b887489da8fc0ae889632f8413ac6c3ec"
  integrity sha512-hNS03NEmVpJheF7yfyagNh57XuKc0z+NkSO0oBbeO67o6IJKoqlDfnNIxhjp7aTWwjmSWZQhtiGrOgZXVyM90w==

rxjs@^7.4.0:
  version "7.8.1"
  resolved "https://registry.npmjs.org/rxjs/-/rxjs-7.8.1.tgz#6f6f3d99ea8044291efd92e7c7fcf562c4057543"
  integrity sha512-AA3TVj+0A2iuIoQkWEK/tqFjBq2j+6PO6Y0zJcvzLAFhEFIO3HL0vls9hWLncZbAAbK0mar7oZ4V079I/qPMxg==
  dependencies:
    tslib "^2.1.0"

sass-embedded-android-arm64@1.85.0:
  version "1.85.0"
  resolved "https://registry.npmjs.org/sass-embedded-android-arm64/-/sass-embedded-android-arm64-1.85.0.tgz#5ecd9f2c5e4b392c6e4c9b295e353b137ca64ca5"
  integrity sha512-4itDzRwezwrW8+YzMLIwHtMeH+qrBNdBsRn9lTVI15K+cNLC8z5JWJi6UCZ8TNNZr9LDBfsh5jUdjSub0yF7jg==

sass-embedded-android-arm@1.85.0:
  version "1.85.0"
  resolved "https://registry.npmjs.org/sass-embedded-android-arm/-/sass-embedded-android-arm-1.85.0.tgz#e3fe8929929302517d87367ddfd51c0233f6cfd5"
  integrity sha512-pPBT7Ad6G8Mlao8ypVNXW2ya7I/Bhcny+RYZ/EmrunEXfhzCNp4PWV2VAweitPO9RnPIJwvUTkLc8Fu6K3nVmw==

sass-embedded-android-ia32@1.85.0:
  version "1.85.0"
  resolved "https://registry.npmjs.org/sass-embedded-android-ia32/-/sass-embedded-android-ia32-1.85.0.tgz#854ba28841022b016ade3e1dfb6856c3242b38a7"
  integrity sha512-bwqKq95hzbGbMTeXCMQhH7yEdc2xJVwIXj7rGdD3McvyFWbED6362XRFFPI5YyjfD2wRJd9yWLh/hn+6VyjcYA==

sass-embedded-android-riscv64@1.85.0:
  version "1.85.0"
  resolved "https://registry.npmjs.org/sass-embedded-android-riscv64/-/sass-embedded-android-riscv64-1.85.0.tgz#8ed2d3790afd8627cfc97c0d945817aaa5d12d3b"
  integrity sha512-Fgkgay+5EePJXZFHR5Vlkutnsmox2V6nX4U3mfGbSN1xjLRm8F5ST72V2s5Z0mnIFpGvEu/v7hfptgViqMvaxg==

sass-embedded-android-x64@1.85.0:
  version "1.85.0"
  resolved "https://registry.npmjs.org/sass-embedded-android-x64/-/sass-embedded-android-x64-1.85.0.tgz#609195fa4977167b9577e4b0ea34658a7a72ce1f"
  integrity sha512-/bG3JgTn3eoIDHCiJNVkLeJgUesat4ghxqYmKMZUJx++4e6iKCDj8XwQTJAgm+QDrsPKXHBacHEANJ9LEAuTqg==

sass-embedded-darwin-arm64@1.85.0:
  version "1.85.0"
  resolved "https://registry.npmjs.org/sass-embedded-darwin-arm64/-/sass-embedded-darwin-arm64-1.85.0.tgz#7adbd163c9b471b6c149b69ce909522ec2570ded"
  integrity sha512-plp8TyMz97YFBCB3ndftEvoW29vyfsSBJILM5U84cGzr06SvLh/Npjj8psfUeRw+upEk1zkFtw5u61sRCdgwIw==

sass-embedded-darwin-x64@1.85.0:
  version "1.85.0"
  resolved "https://registry.npmjs.org/sass-embedded-darwin-x64/-/sass-embedded-darwin-x64-1.85.0.tgz#8679259fc7da698930bb9f969373a9785a468152"
  integrity sha512-LP8Zv8DG57Gn6PmSwWzC0gEZUsGdg36Ps3m0i1fVTOelql7N3HZIrlPYRjJvidL8ZlB3ISxNANebTREUHn/wkQ==

sass-embedded-linux-arm64@1.85.0:
  version "1.85.0"
  resolved "https://registry.npmjs.org/sass-embedded-linux-arm64/-/sass-embedded-linux-arm64-1.85.0.tgz#6f061ac6a3680bad4b18ccc2b18e6653831c8e15"
  integrity sha512-JRIRKVOY5Y8M1zlUOv9AQGju4P6lj8i5vLJZsVYVN/uY8Cd2dDJZPC8EOhjntp+IpF8AOGIHqCeCkHBceIyIjA==

sass-embedded-linux-arm@1.85.0:
  version "1.85.0"
  resolved "https://registry.npmjs.org/sass-embedded-linux-arm/-/sass-embedded-linux-arm-1.85.0.tgz#692e05a7be55dd0318894621694ff5751e1302ee"
  integrity sha512-18xOAEfazJt1MMVS2TRHV94n81VyMnywOoJ7/S7I79qno/zx26OoqqP4XvH107xu8+mZ9Gg54LrUH6ZcgHk08g==

sass-embedded-linux-ia32@1.85.0:
  version "1.85.0"
  resolved "https://registry.npmjs.org/sass-embedded-linux-ia32/-/sass-embedded-linux-ia32-1.85.0.tgz#f878cd62cca1ac449d0702ebf9bdadc388863ade"
  integrity sha512-4JH+h+gLt9So22nNPQtsKojEsLzjld9ol3zWcOtMGclv+HojZGbCuhJUrLUcK72F8adXYsULmWhJPKROLIwYMA==

sass-embedded-linux-musl-arm64@1.85.0:
  version "1.85.0"
  resolved "https://registry.npmjs.org/sass-embedded-linux-musl-arm64/-/sass-embedded-linux-musl-arm64-1.85.0.tgz#e2049556ab13f2d8f62adc76af8cbbba6993ae2f"
  integrity sha512-aoQjUjK28bvdw9XKTjQeayn8oWQ2QqvoTD11myklGd3IHH7Jj0nwXUstI4NxDueCKt3wghuZoIQkjOheReQxlg==

sass-embedded-linux-musl-arm@1.85.0:
  version "1.85.0"
  resolved "https://registry.npmjs.org/sass-embedded-linux-musl-arm/-/sass-embedded-linux-musl-arm-1.85.0.tgz#323e2a6aa9aedcde71cd0d694aeba78b5d2c14a7"
  integrity sha512-Z1j4ageDVFihqNUBnm89fxY46pY0zD/Clp1D3ZdI7S+D280+AEpbm5vMoH8LLhBQfQLf2w7H++SZGpQwrisudQ==

sass-embedded-linux-musl-ia32@1.85.0:
  version "1.85.0"
  resolved "https://registry.npmjs.org/sass-embedded-linux-musl-ia32/-/sass-embedded-linux-musl-ia32-1.85.0.tgz#d09d52191cb52c9f381df85af7bb3a503d1abf7e"
  integrity sha512-/cJCSXOfXmQFH8deE+3U9x+BSz8i0d1Tt9gKV/Gat1Xm43Oumw8pmZgno+cDuGjYQInr9ryW5121pTMlj/PBXQ==

sass-embedded-linux-musl-riscv64@1.85.0:
  version "1.85.0"
  resolved "https://registry.npmjs.org/sass-embedded-linux-musl-riscv64/-/sass-embedded-linux-musl-riscv64-1.85.0.tgz#58720e4a0d25246954230c0bd8e1dcf249080080"
  integrity sha512-l+FJxMXkmg42RZq5RFKXg4InX0IA7yEiPHe4kVSdrczP7z3NLxk+W9wVkPnoRKYIMe1qZPPQ25y0TgI4HNWouA==

sass-embedded-linux-musl-x64@1.85.0:
  version "1.85.0"
  resolved "https://registry.npmjs.org/sass-embedded-linux-musl-x64/-/sass-embedded-linux-musl-x64-1.85.0.tgz#d37016d8249a1d1fe8b8e267fdc3b6856e9327e1"
  integrity sha512-M9ffjcYfFcRvkFA6V3DpOS955AyvmpvPAhL/xNK45d/ma1n1ehTWpd24tVeKiNK5CZkNjjMEfyw2fHa6MpqmEA==

sass-embedded-linux-riscv64@1.85.0:
  version "1.85.0"
  resolved "https://registry.npmjs.org/sass-embedded-linux-riscv64/-/sass-embedded-linux-riscv64-1.85.0.tgz#b20674ed3d85cf99163acaf1c644ad115195e1c9"
  integrity sha512-yqPXQWfM+qiIPkfn++48GOlbmSvUZIyL9nwFstBk0k4x40UhbhilfknqeTUpxoHfQzylTGVhrm5JE7MjM+LNZA==

sass-embedded-linux-x64@1.85.0:
  version "1.85.0"
  resolved "https://registry.npmjs.org/sass-embedded-linux-x64/-/sass-embedded-linux-x64-1.85.0.tgz#469dab6210322e2fb531374488fbcf2f631b4364"
  integrity sha512-NTDeQFZcuVR7COoaRy8pZD6/+QznwBR8kVFsj7NpmvX9aJ7TX/q+OQZHX7Bfb3tsfKXhf1YZozegPuYxRnMKAQ==

sass-embedded-win32-arm64@1.85.0:
  version "1.85.0"
  resolved "https://registry.npmjs.org/sass-embedded-win32-arm64/-/sass-embedded-win32-arm64-1.85.0.tgz#5d980c0bea4918241cb80d17cb7ac22b873b232a"
  integrity sha512-gO0VAuxC4AdV+uZYJESRWVVHQWCGzNs0C3OKCAdH4r1vGRugooMi7J/5wbwUdXDA1MV9ICfhlKsph2n3GiPdqA==

sass-embedded-win32-ia32@1.85.0:
  version "1.85.0"
  resolved "https://registry.npmjs.org/sass-embedded-win32-ia32/-/sass-embedded-win32-ia32-1.85.0.tgz#b243fbf2dc53753fb1117f124d58d9769cc39b20"
  integrity sha512-PCyn6xeFIBUgBceNypuf73/5DWF2VWPlPqPuBprPsTvpZOMUJeBtP+Lf4mnu3dNy1z76mYVnpaCnQmzZ0zHZaA==

sass-embedded-win32-x64@1.85.0:
  version "1.85.0"
  resolved "https://registry.npmjs.org/sass-embedded-win32-x64/-/sass-embedded-win32-x64-1.85.0.tgz#5bd6a913a54ba203e1e84140c268c981bd08691a"
  integrity sha512-AknE2jLp6OBwrR5hQ8pDsG94KhJCeSheFJ2xgbnk8RUjZX909JiNbgh2sNt9LG+RXf4xZa55dDL537gZoCx/iw==

sass-embedded@^1.70.0:
  version "1.85.0"
  resolved "https://registry.npmjs.org/sass-embedded/-/sass-embedded-1.85.0.tgz#a491fe3f1b90440d6be3a2459520f2e7c67a40cd"
  integrity sha512-x3Vv54g0jv1aPSW8OTA/0GzQCs/HMQOjIkLtZJ3Xsn/I4vnyjKbVTQmFTax9bQjldqLEEkdbvy6ES/cOOnYNwA==
  dependencies:
    "@bufbuild/protobuf" "^2.0.0"
    buffer-builder "^0.2.0"
    colorjs.io "^0.5.0"
    immutable "^5.0.2"
    rxjs "^7.4.0"
    supports-color "^8.1.1"
    sync-child-process "^1.0.2"
    varint "^6.0.0"
  optionalDependencies:
    sass-embedded-android-arm "1.85.0"
    sass-embedded-android-arm64 "1.85.0"
    sass-embedded-android-ia32 "1.85.0"
    sass-embedded-android-riscv64 "1.85.0"
    sass-embedded-android-x64 "1.85.0"
    sass-embedded-darwin-arm64 "1.85.0"
    sass-embedded-darwin-x64 "1.85.0"
    sass-embedded-linux-arm "1.85.0"
    sass-embedded-linux-arm64 "1.85.0"
    sass-embedded-linux-ia32 "1.85.0"
    sass-embedded-linux-musl-arm "1.85.0"
    sass-embedded-linux-musl-arm64 "1.85.0"
    sass-embedded-linux-musl-ia32 "1.85.0"
    sass-embedded-linux-musl-riscv64 "1.85.0"
    sass-embedded-linux-musl-x64 "1.85.0"
    sass-embedded-linux-riscv64 "1.85.0"
    sass-embedded-linux-x64 "1.85.0"
    sass-embedded-win32-arm64 "1.85.0"
    sass-embedded-win32-ia32 "1.85.0"
    sass-embedded-win32-x64 "1.85.0"

supports-color@^8.1.1:
  version "8.1.1"
  resolved "https://registry.npmjs.org/supports-color/-/supports-color-8.1.1.tgz#cd6fc17e28500cff56c1b86c0a7fd4a54a73005c"
  integrity sha512-MpUEN2OodtUzxvKQl72cUF7RQ5EiHsGvSsVG0ia9c5RbWGL2CI4C7EpPS8UTBIplnlzZiNuV56w+FuNxy3ty2Q==
  dependencies:
    has-flag "^4.0.0"

sync-child-process@^1.0.2:
  version "1.0.2"
  resolved "https://registry.npmjs.org/sync-child-process/-/sync-child-process-1.0.2.tgz#45e7c72e756d1243e80b547ea2e17957ab9e367f"
  integrity sha512-8lD+t2KrrScJ/7KXCSyfhT3/hRq78rC0wBFqNJXv3mZyn6hW2ypM05JmlSvtqRbeq6jqA94oHbxAr2vYsJ8vDA==
  dependencies:
    sync-message-port "^1.0.0"

sync-message-port@^1.0.0:
  version "1.1.3"
  resolved "https://registry.npmjs.org/sync-message-port/-/sync-message-port-1.1.3.tgz#6055c565ee8c81d2f9ee5aae7db757e6d9088c0c"
  integrity sha512-GTt8rSKje5FilG+wEdfCkOcLL7LWqpMlr2c3LRuKt/YXxcJ52aGSbGBAdI4L3aaqfrBt6y711El53ItyH1NWzg==

to-regex-range@^5.0.1:
  version "5.0.1"
  resolved "https://registry.npmjs.org/to-regex-range/-/to-regex-range-5.0.1.tgz#1648c44aae7c8d988a326018ed72f5b4dd0392e4"
  integrity sha512-65P7iz6X5yEr1cwcgvQxbbIw7Uk3gOy5dIdtZ4rDveLqhrdJP+Li/Hx6tyK0NEb+2GCyneCMJiGqrADCSNk8sQ==
  dependencies:
    is-number "^7.0.0"

tslib@^2.1.0:
  version "2.8.1"
  resolved "https://registry.npmjs.org/tslib/-/tslib-2.8.1.tgz#612efe4ed235d567e8aba5f2a5fab70280ade83f"
  integrity sha512-oJFu94HQb+KVduSUQL7wnpmqnfmLsOA/nAh6b6EH0wCEoK0/mPeXU6c3wKDV83MkOuHPRHtSXKKU99IBazS/2w==

update-browserslist-db@^1.1.1:
  version "1.1.2"
  resolved "https://registry.npmjs.org/update-browserslist-db/-/update-browserslist-db-1.1.2.tgz#97e9c96ab0ae7bcac08e9ae5151d26e6bc6b5580"
  integrity sha512-PPypAm5qvlD7XMZC3BujecnaOxwhrtoFR+Dqkk5Aa/6DssiH0ibKoketaj9w8LP7Bont1rYeoV5plxD7RTEPRg==
  dependencies:
    escalade "^3.2.0"
    picocolors "^1.1.1"

varint@^6.0.0:
  version "6.0.0"
  resolved "https://registry.npmjs.org/varint/-/varint-6.0.0.tgz#9881eb0ce8feaea6512439d19ddf84bf551661d0"
  integrity sha512-cXEIW6cfr15lFv563k4GuVuW/fiwjknytD37jIOLSdSWuOI6WnO/oKwmP2FQTU2l01LP8/M5TSAJpzUaGe3uWg==
